{
  "name": "@chreatures/browser-world",
  "lockfileVersion": 3,
  "requires": true,
  "packages": {
    "": {
      "name": "@chreatures/browser-world",
      "dependencies": {
        "@mujoco/mujoco": "3.12.0"
      }
    },
    "node_modules/@mujoco/mujoco": {
      "version": "3.12.0",
      "resolved": "https://registry.npmjs.org/@mujoco/mujoco/-/mujoco-3.12.0.tgz",
      "integrity": "sha512-MPBSdhD7XsVkKD2owRlzf2mZzd8Qiz7v3zK9MaPc6X7ZS7LdBpQ5bgmdSrvXy6AsKHGlSocWRP9UmdV/I5+cZA==",
      "license": "Apache-2.0"
    }
  }
}
